{
  "name": "excel-status-summarizer-mac",
  "version": "1.0.0",
  "lockfileVersion": 3,
  "requires": true,
  "packages": {
    "": {
      "name": "excel-status-summarizer-mac",
      "version": "1.0.0",
      "dependencies": {
        "xlsx": "^0.18.5"
      },
      "devDependencies": {
        "electron": "^30.0.0",
        "electron-builder": "^24.13.3"
      }
    }
  },
  "dependencies": {
    "electron": {
      "version": "^30.0.0",
      "dev": true
    },
    "electron-builder": {
      "version": "^24.13.3",
      "dev": true
    },
    "xlsx": {
      "version": "^0.18.5"
    }
  }
}
