{
  "name": "excel-status-summarizer",
  "version": "1.0.0",
  "lockfileVersion": 3,
  "requires": true,
  "packages": {
    "": {
      "name": "excel-status-summarizer",
      "version": "1.0.0",
      "license": "MIT",
      "dependencies": {
        "xlsx": "^0.18.5"
      },
      "devDependencies": {
        "electron": "^28.2.4",
        "electron-builder": "^24.9.1"
      }
    }
  }
}
